
Microsoft Visual Studio Solution File, Format Version 12.00
# Visual Studio Version 16
VisualStudioVersion = 16.0.31321.278
MinimumVisualStudioVersion = 10.0.40219.1
Project("{FAE04EC0-301F-11D3-BF4B-00C04F79EFBC}") = "digitalclock", "digitalclock\digitalclock.csproj", "{B0BF1A26-CDAB-4C8B-B0D1-58C0CEBDBAD2}"
EndProject
Global
	GlobalSection(SolutionConfigurationPlatforms) = preSolution
		Debug|Any CPU = Debug|Any CPU
		Release|Any CPU = Release|Any CPU
	EndGlobalSection
	GlobalSection(ProjectConfigurationPlatforms) = postSolution
		{B0BF1A26-CDAB-4C8B-B0D1-58C0CEBDBAD2}.Debug|Any CPU.ActiveCfg = Debug|Any CPU
		{B0BF1A26-CDAB-4C8B-B0D1-58C0CEBDBAD2}.Debug|Any CPU.Build.0 = Debug|Any CPU
		{B0BF1A26-CDAB-4C8B-B0D1-58C0CEBDBAD2}.Release|Any CPU.ActiveCfg = Release|Any CPU
		{B0BF1A26-CDAB-4C8B-B0D1-58C0CEBDBAD2}.Release|Any CPU.Build.0 = Release|Any CPU
	EndGlobalSection
	GlobalSection(SolutionProperties) = preSolution
		HideSolutionNode = FALSE
	EndGlobalSection
	GlobalSection(ExtensibilityGlobals) = postSolution
		SolutionGuid = {49B7FBC6-E946-45AA-B4DB-A1AB8CDF57AC}
	EndGlobalSection
EndGlobal
